
Microsoft Visual Studio Solution File, Format Version 12.00
# Visual Studio Version 16
VisualStudioVersion = 16.0.31313.79
MinimumVisualStudioVersion = 10.0.40219.1
Project("{FAE04EC0-301F-11D3-BF4B-00C04F79EFBC}") = "CleaningSimReport", "CleaningSimReport\CleaningSimReport.csproj", "{CFEA25A5-A814-4FF5-9931-79E678F7385E}"
EndProject
Global
	GlobalSection(SolutionConfigurationPlatforms) = preSolution
		Debug|Any CPU = Debug|Any CPU
		Release|Any CPU = Release|Any CPU
	EndGlobalSection
	GlobalSection(ProjectConfigurationPlatforms) = postSolution
		{CFEA25A5-A814-4FF5-9931-79E678F7385E}.Debug|Any CPU.ActiveCfg = Debug|Any CPU
		{CFEA25A5-A814-4FF5-9931-79E678F7385E}.Debug|Any CPU.Build.0 = Debug|Any CPU
		{CFEA25A5-A814-4FF5-9931-79E678F7385E}.Release|Any CPU.ActiveCfg = Release|Any CPU
		{CFEA25A5-A814-4FF5-9931-79E678F7385E}.Release|Any CPU.Build.0 = Release|Any CPU
	EndGlobalSection
	GlobalSection(SolutionProperties) = preSolution
		HideSolutionNode = FALSE
	EndGlobalSection
	GlobalSection(ExtensibilityGlobals) = postSolution
		SolutionGuid = {709A0FF3-90D6-4BF6-8B26-6FFD337A8E9A}
	EndGlobalSection
EndGlobal
